Microsoft Visual Studio Solution File, Format Version 12.00
# Visual Studio 15
VisualStudioVersion = 15.0.27130.2024
MinimumVisualStudioVersion = 10.0.40219.1
Project("{9A19103F-16F7-4668-BE54-9A1E7A4F7556}") = "HealthParse", "HealthParse\HealthParse.csproj", "{97BF9353-39FE-443F-B434-01C1B95D9B75}"
EndProject
Project("{9A19103F-16F7-4668-BE54-9A1E7A4F7556}") = "HealthParse-Functions", "HealthParse-Functions\HealthParse-Functions.csproj", "{3C87A004-F3C6-421F-85D8-3E3D3A32B0CC}"
EndProject
Project("{9A19103F-16F7-4668-BE54-9A1E7A4F7556}") = "HealthParse.Standard", "HealthParse.Standard\HealthParse.Standard.csproj", "{62596C42-61F0-44CC-BCCF-E8DEFC3F3B8E}"
EndProject
Global
	GlobalSection(SolutionConfigurationPlatforms) = preSolution
		Debug|Any CPU = Debug|Any CPU
		Release|Any CPU = Release|Any CPU
	EndGlobalSection
	GlobalSection(ProjectConfigurationPlatforms) = postSolution
		{97BF9353-39FE-443F-B434-01C1B95D9B75}.Debug|Any CPU.ActiveCfg = Debug|Any CPU
		{97BF9353-39FE-443F-B434-01C1B95D9B75}.Debug|Any CPU.Build.0 = Debug|Any CPU
		{97BF9353-39FE-443F-B434-01C1B95D9B75}.Release|Any CPU.ActiveCfg = Release|Any CPU
		{97BF9353-39FE-443F-B434-01C1B95D9B75}.Release|Any CPU.Build.0 = Release|Any CPU
		{3C87A004-F3C6-421F-85D8-3E3D3A32B0CC}.Debug|Any CPU.ActiveCfg = Debug|Any CPU
		{3C87A004-F3C6-421F-85D8-3E3D3A32B0CC}.Debug|Any CPU.Build.0 = Debug|Any CPU
		{3C87A004-F3C6-421F-85D8-3E3D3A32B0CC}.Release|Any CPU.ActiveCfg = Release|Any CPU
		{3C87A004-F3C6-421F-85D8-3E3D3A32B0CC}.Release|Any CPU.Build.0 = Release|Any CPU
		{62596C42-61F0-44CC-BCCF-E8DEFC3F3B8E}.Debug|Any CPU.ActiveCfg = Debug|Any CPU
		{62596C42-61F0-44CC-BCCF-E8DEFC3F3B8E}.Debug|Any CPU.Build.0 = Debug|Any CPU
		{62596C42-61F0-44CC-BCCF-E8DEFC3F3B8E}.Release|Any CPU.ActiveCfg = Release|Any CPU
		{62596C42-61F0-44CC-BCCF-E8DEFC3F3B8E}.Release|Any CPU.Build.0 = Release|Any CPU
	EndGlobalSection
	GlobalSection(SolutionProperties) = preSolution
		HideSolutionNode = FALSE
	EndGlobalSection
	GlobalSection(ExtensibilityGlobals) = postSolution
		SolutionGuid = {6F73ED01-6A35-489A-A262-0FD93A3F5F70}
	EndGlobalSection
EndGlobal
